{
  "lib/forge-std": {
    "rev": "ee93fdc45d1e5e4dee883afe0103109881a83549"
  },
  "lib/openzeppelin-contracts": {
    "rev": "e11cac459e01f831c369f132d16108c35c4632db"
  },
  "lib/openzeppelin-contracts-upgradeable": {
    "rev": "8dcfd5132d316223cec6b64ef2fd91b8c5a43efc"
  },
  "lib/openzeppelin-foundry-upgrades": {
    "rev": "78048ebe3be1fa256182d9c8c4f9a64587c0d6b3"
  }
}